
Microsoft Visual Studio Solution File, Format Version 12.00
# Visual Studio Version 18
VisualStudioVersion = 18.8.12105.206 oobstable
MinimumVisualStudioVersion = 10.0.40219.1
Project("{FAE04EC0-301F-11D3-BF4B-00C04F79EFBC}") = "始源篇章", "始源篇章.csproj", "{93CAC5A3-E859-4ECF-C0A5-05BF6627973D}"
EndProject
Global
	GlobalSection(SolutionConfigurationPlatforms) = preSolution
		Debug|Any CPU = Debug|Any CPU
		Release|Any CPU = Release|Any CPU
	EndGlobalSection
	GlobalSection(ProjectConfigurationPlatforms) = postSolution
		{93CAC5A3-E859-4ECF-C0A5-05BF6627973D}.Debug|Any CPU.ActiveCfg = Debug|Any CPU
		{93CAC5A3-E859-4ECF-C0A5-05BF6627973D}.Debug|Any CPU.Build.0 = Debug|Any CPU
		{93CAC5A3-E859-4ECF-C0A5-05BF6627973D}.Release|Any CPU.ActiveCfg = Release|Any CPU
		{93CAC5A3-E859-4ECF-C0A5-05BF6627973D}.Release|Any CPU.Build.0 = Release|Any CPU
	EndGlobalSection
	GlobalSection(SolutionProperties) = preSolution
		HideSolutionNode = FALSE
	EndGlobalSection
	GlobalSection(ExtensibilityGlobals) = postSolution
		SolutionGuid = {3FD0A7CE-0CEC-4FF8-8219-4CFA87DDF270}
	EndGlobalSection
EndGlobal
